<?xml version="1.0" encoding="utf-8"?>
<Project ToolsVersion="4.0" xmlns="http://schemas.microsoft.com/developer/msbuild/2003">
  <ItemGroup>
    <ClCompile Include="ProgressivePhotonMapping.cpp" />
    <ClCompile Include="ShadingDataLoader.cpp" />
    <ClCompile Include="AccelerationStructureBuilder.cpp" />
  </ItemGroup>
  <ItemGroup>
    <ClInclude Include="ProgressivePhotonMapping.h" />
    <ClInclude Include="ShadingDataLoader.h" />
    <ClInclude Include="AccelerationStructureBuilder.h" />
  </ItemGroup>
  <ItemGroup>
    <ShaderSource Include="ShadingDataLoader.slang" />
    <ShaderSource Include="ResolvePass.cs.slang" />
    <ShaderSource Include="GenerateVisiblePoints.cs.slang" />
    <ShaderSource Include="GeneratePhotons.cs.slang" />
    <ShaderSource Include="Helper.slang" />
    <ShaderSource Include="Types.slang" />
  </ItemGroup>
</Project>